// !$*UTF8*$!
{
	archiveVersion = 1;
	classes = {
	};
	objectVersion = 50;
	objects = {

/* Begin PBXBuildFile section */
		09A3A75023FF855E005FAC90 /* AppDelegate.swift in Sources */ = {isa = PBXBuildFile; fileRef = 09A3A74F23FF855E005FAC90 /* AppDelegate.swift */; };
		09A3A75223FF855E005FAC90 /* SceneDelegate.swift in Sources */ = {isa = PBXBuildFile; fileRef = 09A3A75123FF855E005FAC90 /* SceneDelegate.swift */; };
		09A3A75423FF855E005FAC90 /* ViewController.swift in Sources */ = {isa = PBXBuildFile; fileRef = 09A3A75323FF855E005FAC90 /* ViewController.swift */; };
		09A3A75723FF855E005FAC90 /* Main.storyboard in Resources */ = {isa = PBXBuildFile; fileRef = 09A3A75523FF855E005FAC90 /* Main.storyboard */; };
		09A3A75923FF855F005FAC90 /* Assets.xcassets in Resources */ = {isa = PBXBuildFile; fileRef = 09A3A75823FF855F005FAC90 /* Assets.xcassets */; };
		09A3A75C23FF855F005FAC90 /* LaunchScreen.storyboard in Resources */ = {isa = PBXBuildFile; fileRef = 09A3A75A23FF855F005FAC90 /* LaunchScreen.storyboard */; };
/* End PBXBuildFile section */

/* Begin PBXFileReference section */
		09A3A74C23FF855E005FAC90 /* MHWI.app */ = {isa = PBXFileReference; explicitFileType = wrapper.application; includeInIndex = 0; path = MHWI.app; sourceTree = BUILT_PRODUCTS_DIR; };
		09A3A74F23FF855E005FAC90 /* AppDelegate.swift */ = {isa = PBXFileReference; lastKnownFileType = sourcecode.swift; path = AppDelegate.swift; sourceTree = "<group>"; };
		09A3A75123FF855E005FAC90 /* SceneDelegate.swift */ = {isa = PBXFileReference; lastKnownFileType = sourcecode.swift; path = SceneDelegate.swift; sourceTree = "<group>"; };
		09A3A75323FF855E005FAC90 /* ViewController.swift */ = {isa = PBXFileReference; lastKnownFileType = sourcecode.swift; path = ViewController.swift; sourceTree = "<group>"; };
		09A3A75623FF855E005FAC90 /* Base */ = {isa = PBXFileReference; lastKnownFileType = file.storyboard; name = Base; path = Base.lproj/Main.storyboard; sourceTree = "<group>"; };
		09A3A75823FF855F005FAC90 /* Assets.xcassets */ = {isa = PBXFileReference; lastKnownFileType = folder.assetcatalog; path = Assets.xcassets; sourceTree = "<group>"; };
		09A3A75B23FF855F005FAC90 /* Base */ = {isa = PBXFileReference; lastKnownFileType = file.storyboard; name = Base; path = Base.lproj/LaunchScreen.storyboard; sourceTree = "<group>"; };
		09A3A75D23FF855F005FAC90 /* Info.plist */ = {isa = PBXFileReference; lastKnownFileType = text.plist.xml; path = Info.plist; sourceTree = "<group>"; };
/* End PBXFileReference section */

/* Begin PBXFrameworksBuildPhase section */
		09A3A74923FF855E005FAC90 /* Frameworks */ = {
			isa = PBXFrameworksBuildPhase;
			buildActionMask = 2147483647;
			files = (
			);
			runOnlyForDeploymentPostprocessing = 0;
		};
/* End PBXFrameworksBuildPhase section */

/* Begin PBXGroup section */
		09A3A74323FF855E005FAC90 = {
			isa = PBXGroup;
			children = (
				09A3A74E23FF855E005FAC90 /* MHWI */,
				09A3A74D23FF855E005FAC90 /* Products */,
			);
			sourceTree = "<group>";
		};
		09A3A74D23FF855E005FAC90 /* Products */ = {
			isa = PBXGroup;
			children = (
				09A3A74C23FF855E005FAC90 /* MHWI.app */,
			);
			name = Products;
			sourceTree = "<group>";
		};
		09A3A74E23FF855E005FAC90 /* MHWI */ = {
			isa = PBXGroup;
			children = (
				09A3A74F23FF855E005FAC90 /* AppDelegate.swift */,
				09A3A75123FF855E005FAC90 /* SceneDelegate.swift */,
				09A3A76323FF8569005FAC90 /* Controller */,
				09A3A76423FF857B005FAC90 /* View */,
				09A3A75823FF855F005FAC90 /* Assets.xcassets */,
				09A3A75A23FF855F005FAC90 /* LaunchScreen.storyboard */,
				09A3A75D23FF855F005FAC90 /* Info.plist */,
			);
			path = MHWI;
			sourceTree = "<group>";
		};
		09A3A76323FF8569005FAC90 /* Controller */ = {
			isa = PBXGroup;
			children = (
				09A3A75323FF855E005FAC90 /* ViewController.swift */,
			);
			path = Controller;
			sourceTree = "<group>";
		};
		09A3A76423FF857B005FAC90 /* View */ = {
			isa = PBXGroup;
			children = (
				09A3A75523FF855E005FAC90 /* Main.storyboard */,
			);
			path = View;
			sourceTree = "<group>";
		};
/* End PBXGroup section */

/* Begin PBXNativeTarget section */
		09A3A74B23FF855E005FAC90 /* MHWI */ = {
			isa = PBXNativeTarget;
			buildConfigurationList = 09A3A76023FF855F005FAC90 /* Build configuration list for PBXNativeTarget "MHWI" */;
			buildPhases = (
				09A3A74823FF855E005FAC90 /* Sources */,
				09A3A74923FF855E005FAC90 /* Frameworks */,
				09A3A74A23FF855E005FAC90 /* Resources */,
			);
			buildRules = (
			);
			dependencies = (
			);
			name = MHWI;
			productName = MHWI;
			productReference = 09A3A74C23FF855E005FAC90 /* MHWI.app */;
			productType = "com.apple.product-type.application";
		};
/* End PBXNativeTarget section */

/* Begin PBXProject section */
		09A3A74423FF855E005FAC90 /* Project object */ = {
			isa = PBXProject;
			attributes = {
				LastSwiftUpdateCheck = 1130;
				LastUpgradeCheck = 1130;
				ORGANIZATIONNAME = "XIE haochen";
				TargetAttributes = {
					09A3A74B23FF855E005FAC90 = {
						CreatedOnToolsVersion = 11.3.1;
					};
				};
			};
			buildConfigurationList = 09A3A74723FF855E005FAC90 /* Build configuration list for PBXProject "MHWI" */;
			compatibilityVersion = "Xcode 9.3";
			developmentRegion = en;
			hasScannedForEncodings = 0;
			knownRegions = (
				en,
				Base,
			);
			mainGroup = 09A3A74323FF855E005FAC90;
			productRefGroup = 09A3A74D23FF855E005FAC90 /* Products */;
			projectDirPath = "";
			projectRoot = "";
			targets = (
				09A3A74B23FF855E005FAC90 /* MHWI */,
			);
		};
/* End PBXProject section */

/* Begin PBXResourcesBuildPhase section */
		09A3A74A23FF855E005FAC90 /* Resources */ = {
			isa = PBXResourcesBuildPhase;
			buildActionMask = 2147483647;
			files = (
				09A3A75C23FF855F005FAC90 /* LaunchScreen.storyboard in Resources */,
				09A3A75923FF855F005FAC90 /* Assets.xcassets in Resources */,
				09A3A75723FF855E005FAC90 /* Main.storyboard in Resources */,
			);
			runOnlyForDeploymentPostprocessing = 0;
		};
/* End PBXResourcesBuildPhase section */

/* Begin PBXSourcesBuildPhase section */
		09A3A74823FF855E005FAC90 /* Sources */ = {
			isa = PBXSourcesBuildPhase;
			buildActionMask = 2147483647;
			files = (
				09A3A75423FF855E005FAC90 /* ViewController.swift in Sources */,
				09A3A75023FF855E005FAC90 /* AppDelegate.swift in Sources */,
				09A3A75223FF855E005FAC90 /* SceneDelegate.swift in Sources */,
			);
			runOnlyForDeploymentPostprocessing = 0;
		};
/* End PBXSourcesBuildPhase section */

/* Begin PBXVariantGroup section */
		09A3A75523FF855E005FAC90 /* Main.storyboard */ = {
			isa = PBXVariantGroup;
			children = (
				09A3A75623FF855E005FAC90 /* Base */,
			);
			name = Main.storyboard;
			sourceTree = "<group>";
		};
		09A3A75A23FF855F005FAC90 /* LaunchScreen.storyboard */ = {
			isa = PBXVariantGroup;
			children = (
				09A3A75B23FF855F005FAC90 /* Base */,
			);
			name = LaunchScreen.storyboard;
			sourceTree = "<group>";
		};
/* End PBXVariantGroup section */

/* Begin XCBuildConfiguration section */
		09A3A75E23FF855F005FAC90 /* Debug */ = {
			isa = XCBuildConfiguration;
			buildSettings = {
				ALWAYS_SEARCH_USER_PATHS = NO;
				CLANG_ANALYZER_NONNULL = YES;
				CLANG_ANALYZER_NUMBER_OBJECT_CONVERSION = YES_AGGRESSIVE;
				CLANG_CXX_LANGUAGE_STANDARD = "gnu++14";
				CLANG_CXX_LIBRARY = "libc++";
				CLANG_ENABLE_MODULES = YES;
				CLANG_ENABLE_OBJC_ARC = YES;
				CLANG_ENABLE_OBJC_WEAK = YES;
				CLANG_WARN_BLOCK_CAPTURE_AUTORELEASING = YES;
				CLANG_WARN_BOOL_CONVERSION = YES;
				CLANG_WARN_COMMA = YES;
				CLANG_WARN_CONSTANT_CONVERSION = YES;
				CLANG_WARN_DEPRECATED_OBJC_IMPLEMENTATIONS = YES;
				CLANG_WARN_DIRECT_OBJC_ISA_USAGE = YES_ERROR;
				CLANG_WARN_DOCUMENTATION_COMMENTS = YES;
				CLANG_WARN_EMPTY_BODY = YES;
				CLANG_WARN_ENUM_CONVERSION = YES;
				CLANG_WARN_INFINITE_RECURSION = YES;
				CLANG_WARN_INT_CONVERSION = YES;
				CLANG_WARN_NON_LITERAL_NULL_CONVERSION = YES;
				CLANG_WARN_OBJC_IMPLICIT_RETAIN_SELF = YES;
				CLANG_WARN_OBJC_LITERAL_CONVERSION = YES;
				CLANG_WARN_OBJC_ROOT_CLASS = YES_ERROR;
				CLANG_WARN_RANGE_LOOP_ANALYSIS = YES;
				CLANG_WARN_STRICT_PROTOTYPES = YES;
				CLANG_WARN_SUSPICIOUS_MOVE = YES;
				CLANG_WARN_UNGUARDED_AVAILABILITY = YES_AGGRESSIVE;
				CLANG_WARN_UNREACHABLE_CODE = YES;
				CLANG_WARN__DUPLICATE_METHOD_MATCH = YES;
				COPY_PHASE_STRIP = NO;
				DEBUG_INFORMATION_FORMAT = dwarf;
				ENABLE_STRICT_OBJC_MSGSEND = YES;
				ENABLE_TESTABILITY = YES;
				GCC_C_LANGUAGE_STANDARD = gnu11;
				GCC_DYNAMIC_NO_PIC = NO;
				GCC_NO_COMMON_BLOCKS = YES;
				GCC_OPTIMIZATION_LEVEL = 0;
				GCC_PREPROCESSOR_DEFINITIONS = (
					"DEBUG=1",
					"$(inherited)",
				);
				GCC_WARN_64_TO_32_BIT_CONVERSION = YES;
				GCC_WARN_ABOUT_RETURN_TYPE = YES_ERROR;
				GCC_WARN_UNDECLARED_SELECTOR = YES;
				GCC_WARN_UNINITIALIZED_AUTOS = YES_AGGRESSIVE;
				GCC_WARN_UNUSED_FUNCTION = YES;
				GCC_WARN_UNUSED_VARIABLE = YES;
				IPHONEOS_DEPLOYMENT_TARGET = 13.2;
				MTL_ENABLE_DEBUG_INFO = INCLUDE_SOURCE;
				MTL_FAST_MATH = YES;
				ONLY_ACTIVE_ARCH = YES;
				SDKROOT = iphoneos;
				SWIFT_ACTIVE_COMPILATION_CONDITIONS = DEBUG;
				SWIFT_OPTIMIZATION_LEVEL = "-Onone";
			};
			name = Debug;
		};
		09A3A75F23FF855F005FAC90 /* Release */ = {
			isa = XCBuildConfiguration;
			buildSettings = {
				ALWAYS_SEARCH_USER_PATHS = NO;
				CLANG_ANALYZER_NONNULL = YES;
				CLANG_ANALYZER_NUMBER_OBJECT_CONVERSION = YES_AGGRESSIVE;
				CLANG_CXX_LANGUAGE_STANDARD = "gnu++14";
				CLANG_CXX_LIBRARY = "libc++";
				CLANG_ENABLE_MODULES = YES;
				CLANG_ENABLE_OBJC_ARC = YES;
				CLANG_ENABLE_OBJC_WEAK = YES;
				CLANG_WARN_BLOCK_CAPTURE_AUTORELEASING = YES;
				CLANG_WARN_BOOL_CONVERSION = YES;
				CLANG_WARN_COMMA = YES;
				CLANG_WARN_CONSTANT_CONVERSION = YES;
				CLANG_WARN_DEPRECATED_OBJC_IMPLEMENTATIONS = YES;
				CLANG_WARN_DIRECT_OBJC_ISA_USAGE = YES_ERROR;
				CLANG_WARN_DOCUMENTATION_COMMENTS = YES;
				CLANG_WARN_EMPTY_BODY = YES;
				CLANG_WARN_ENUM_CONVERSION = YES;
				CLANG_WARN_INFINITE_RECURSION = YES;
				CLANG_WARN_INT_CONVERSION = YES;
				CLANG_WARN_NON_LITERAL_NULL_CONVERSION = YES;
				CLANG_WARN_OBJC_IMPLICIT_RETAIN_SELF = YES;
				CLANG_WARN_OBJC_LITERAL_CONVERSION = YES;
				CLANG_WARN_OBJC_ROOT_CLASS = YES_ERROR;
				CLANG_WARN_RANGE_LOOP_ANALYSIS = YES;
				CLANG_WARN_STRICT_PROTOTYPES = YES;
				CLANG_WARN_SUSPICIOUS_MOVE = YES;
				CLANG_WARN_UNGUARDED_AVAILABILITY = YES_AGGRESSIVE;
				CLANG_WARN_UNREACHABLE_CODE = YES;
				CLANG_WARN__DUPLICATE_METHOD_MATCH = YES;
				COPY_PHASE_STRIP = NO;
				DEBUG_INFORMATION_FORMAT = "dwarf-with-dsym";
				ENABLE_NS_ASSERTIONS = NO;
				ENABLE_STRICT_OBJC_MSGSEND = YES;
				GCC_C_LANGUAGE_STANDARD = gnu11;
				GCC_NO_COMMON_BLOCKS = YES;
				GCC_WARN_64_TO_32_BIT_CONVERSION = YES;
				GCC_WARN_ABOUT_RETURN_TYPE = YES_ERROR;
				GCC_WARN_UNDECLARED_SELECTOR = YES;
				GCC_WARN_UNINITIALIZED_AUTOS = YES_AGGRESSIVE;
				GCC_WARN_UNUSED_FUNCTION = YES;
				GCC_WARN_UNUSED_VARIABLE = YES;
				IPHONEOS_DEPLOYMENT_TARGET = 13.2;
				MTL_ENABLE_DEBUG_INFO = NO;
				MTL_FAST_MATH = YES;
				SDKROOT = iphoneos;
				SWIFT_COMPILATION_MODE = wholemodule;
				SWIFT_OPTIMIZATION_LEVEL = "-O";
				VALIDATE_PRODUCT = YES;
			};
			name = Release;
		};
		09A3A76123FF855F005FAC90 /* Debug */ = {
			isa = XCBuildConfiguration;
			buildSettings = {
				ASSETCATALOG_COMPILER_APPICON_NAME = AppIcon;
				CODE_SIGN_STYLE = Automatic;
				DEVELOPMENT_TEAM = 39R3W4A9W5;
				INFOPLIST_FILE = MHWI/Info.plist;
				IPHONEOS_DEPLOYMENT_TARGET = 13.0;
				LD_RUNPATH_SEARCH_PATHS = (
					"$(inherited)",
					"@executable_path/Frameworks",
				);
				PRODUCT_BUNDLE_IDENTIFIER = "com.hcxie20.I-am-Rich";
				PRODUCT_NAME = "$(TARGET_NAME)";
				SWIFT_VERSION = 5.0;
				TARGETED_DEVICE_FAMILY = "1,2";
			};
			name = Debug;
		};
		09A3A76223FF855F005FAC90 /* Release */ = {
			isa = XCBuildConfiguration;
			buildSettings = {
				ASSETCATALOG_COMPILER_APPICON_NAME = AppIcon;
				CODE_SIGN_STYLE = Automatic;
				DEVELOPMENT_TEAM = 39R3W4A9W5;
				INFOPLIST_FILE = MHWI/Info.plist;
				IPHONEOS_DEPLOYMENT_TARGET = 13.0;
				LD_RUNPATH_SEARCH_PATHS = (
					"$(inherited)",
					"@executable_path/Frameworks",
				);
				PRODUCT_BUNDLE_IDENTIFIER = "com.hcxie20.I-am-Rich";
				PRODUCT_NAME = "$(TARGET_NAME)";
				SWIFT_VERSION = 5.0;
				TARGETED_DEVICE_FAMILY = "1,2";
			};
			name = Release;
		};
/* End XCBuildConfiguration section */

/* Begin XCConfigurationList section */
		09A3A74723FF855E005FAC90 /* Build configuration list for PBXProject "MHWI" */ = {
			isa = XCConfigurationList;
			buildConfigurations = (
				09A3A75E23FF855F005FAC90 /* Debug */,
				09A3A75F23FF855F005FAC90 /* Release */,
			);
			defaultConfigurationIsVisible = 0;
			defaultConfigurationName = Release;
		};
		09A3A76023FF855F005FAC90 /* Build configuration list for PBXNativeTarget "MHWI" */ = {
			isa = XCConfigurationList;
			buildConfigurations = (
				09A3A76123FF855F005FAC90 /* Debug */,
				09A3A76223FF855F005FAC90 /* Release */,
			);
			defaultConfigurationIsVisible = 0;
			defaultConfigurationName = Release;
		};
/* End XCConfigurationList section */
	};
	rootObject = 09A3A74423FF855E005FAC90 /* Project object */;
}
